Microsoft Visual Studio Solution File, Format Version 12.00
# Visual Studio Version 17
VisualStudioVersion = 17.10.35013.160
MinimumVisualStudioVersion = 10.0.40219.1
Project("{FAE04EC0-301F-11D3-BF4B-00C04F79EFBC}") = "CS2MenuManager", "CS2MenuManager\CS2MenuManager.csproj", "{646ED3B0-FDE7-B57E-904C-0E036440FED0}"
EndProject
Project("{FAE04EC0-301F-11D3-BF4B-00C04F79EFBC}") = "CS2MenuManager-ResolutionMenu", "ResolutionMenu\CS2MenuManager-ResolutionMenu.csproj", "{51C1B46C-7BD1-C8F5-C162-4C032FF3A95A}"
EndProject
Global
	GlobalSection(SolutionConfigurationPlatforms) = preSolution
		Debug|Any CPU = Debug|Any CPU
		Release|Any CPU = Release|Any CPU
	EndGlobalSection
	GlobalSection(ProjectConfigurationPlatforms) = postSolution
		{646ED3B0-FDE7-B57E-904C-0E036440FED0}.Debug|Any CPU.ActiveCfg = Debug|Any CPU
		{646ED3B0-FDE7-B57E-904C-0E036440FED0}.Debug|Any CPU.Build.0 = Debug|Any CPU
		{646ED3B0-FDE7-B57E-904C-0E036440FED0}.Release|Any CPU.ActiveCfg = Release|Any CPU
		{646ED3B0-FDE7-B57E-904C-0E036440FED0}.Release|Any CPU.Build.0 = Release|Any CPU
		{51C1B46C-7BD1-C8F5-C162-4C032FF3A95A}.Debug|Any CPU.ActiveCfg = Debug|Any CPU
		{51C1B46C-7BD1-C8F5-C162-4C032FF3A95A}.Debug|Any CPU.Build.0 = Debug|Any CPU
		{51C1B46C-7BD1-C8F5-C162-4C032FF3A95A}.Release|Any CPU.ActiveCfg = Release|Any CPU
		{51C1B46C-7BD1-C8F5-C162-4C032FF3A95A}.Release|Any CPU.Build.0 = Release|Any CPU
	EndGlobalSection
	GlobalSection(SolutionProperties) = preSolution
		HideSolutionNode = FALSE
	EndGlobalSection
	GlobalSection(ExtensibilityGlobals) = postSolution
		SolutionGuid = {A9FC1EA6-0A7A-4B04-B5A3-0FB63C74290A}
	EndGlobalSection
EndGlobal
